// !$*UTF8*$!
{
	archiveVersion = 1;
	classes = {
	};
	objectVersion = 46;
	objects = {

/* Begin PBXBuildFile section */
		6556A42F1CB00352009DB32B /* LivePhotoCollectionViewController.swift in Sources */ = {isa = PBXBuildFile; fileRef = 6556A42E1CB00352009DB32B /* LivePhotoCollectionViewController.swift */; };
		6556A4321CB005ED009DB32B /* ThumbnailCell.swift in Sources */ = {isa = PBXBuildFile; fileRef = 6556A4311CB005ED009DB32B /* ThumbnailCell.swift */; };
		659984CB1CB165150048A7B0 /* ReactiveCocoa.framework in Frameworks */ = {isa = PBXBuildFile; fileRef = 659984C91CB165150048A7B0 /* ReactiveCocoa.framework */; };
		659984CC1CB165150048A7B0 /* Result.framework in Frameworks */ = {isa = PBXBuildFile; fileRef = 659984CA1CB165150048A7B0 /* Result.framework */; };
		659984D61CB16B8B0048A7B0 /* PhotosViewModel.swift in Sources */ = {isa = PBXBuildFile; fileRef = 659984D51CB16B8B0048A7B0 /* PhotosViewModel.swift */; };
		659984D91CB175720048A7B0 /* PhotosFlowLayout.swift in Sources */ = {isa = PBXBuildFile; fileRef = 659984D81CB175720048A7B0 /* PhotosFlowLayout.swift */; };
		659984DB1CB1B5570048A7B0 /* ThumbnailViewModel.swift in Sources */ = {isa = PBXBuildFile; fileRef = 659984DA1CB1B5570048A7B0 /* ThumbnailViewModel.swift */; };
		65E87E8E1CAB17F3006AEDDF /* AppDelegate.swift in Sources */ = {isa = PBXBuildFile; fileRef = 65E87E8D1CAB17F3006AEDDF /* AppDelegate.swift */; };
		65E87E931CAB17F3006AEDDF /* Main.storyboard in Resources */ = {isa = PBXBuildFile; fileRef = 65E87E911CAB17F3006AEDDF /* Main.storyboard */; };
		65E87E951CAB17F3006AEDDF /* Assets.xcassets in Resources */ = {isa = PBXBuildFile; fileRef = 65E87E941CAB17F3006AEDDF /* Assets.xcassets */; };
		65E87E981CAB17F3006AEDDF /* LaunchScreen.storyboard in Resources */ = {isa = PBXBuildFile; fileRef = 65E87E961CAB17F3006AEDDF /* LaunchScreen.storyboard */; };
		65E87EA31CAB17F3006AEDDF /* LiveGifTests.swift in Sources */ = {isa = PBXBuildFile; fileRef = 65E87EA21CAB17F3006AEDDF /* LiveGifTests.swift */; };
		65E87EAE1CAB17F3006AEDDF /* LiveGifUITests.swift in Sources */ = {isa = PBXBuildFile; fileRef = 65E87EAD1CAB17F3006AEDDF /* LiveGifUITests.swift */; };
/* End PBXBuildFile section */

/* Begin PBXContainerItemProxy section */
		65E87E9F1CAB17F3006AEDDF /* PBXContainerItemProxy */ = {
			isa = PBXContainerItemProxy;
			containerPortal = 65E87E821CAB17F2006AEDDF /* Project object */;
			proxyType = 1;
			remoteGlobalIDString = 65E87E891CAB17F2006AEDDF;
			remoteInfo = LiveGif;
		};
		65E87EAA1CAB17F3006AEDDF /* PBXContainerItemProxy */ = {
			isa = PBXContainerItemProxy;
			containerPortal = 65E87E821CAB17F2006AEDDF /* Project object */;
			proxyType = 1;
			remoteGlobalIDString = 65E87E891CAB17F2006AEDDF;
			remoteInfo = LiveGif;
		};
/* End PBXContainerItemProxy section */

/* Begin PBXFileReference section */
		6556A42E1CB00352009DB32B /* LivePhotoCollectionViewController.swift */ = {isa = PBXFileReference; fileEncoding = 4; lastKnownFileType = sourcecode.swift; name = LivePhotoCollectionViewController.swift; path = Controllers/LivePhotoCollectionViewController.swift; sourceTree = "<group>"; };
		6556A4311CB005ED009DB32B /* ThumbnailCell.swift */ = {isa = PBXFileReference; fileEncoding = 4; lastKnownFileType = sourcecode.swift; name = ThumbnailCell.swift; path = Views/ThumbnailCell.swift; sourceTree = "<group>"; };
		659984C91CB165150048A7B0 /* ReactiveCocoa.framework */ = {isa = PBXFileReference; lastKnownFileType = wrapper.framework; name = ReactiveCocoa.framework; path = Carthage/Build/iOS/ReactiveCocoa.framework; sourceTree = "<group>"; };
		659984CA1CB165150048A7B0 /* Result.framework */ = {isa = PBXFileReference; lastKnownFileType = wrapper.framework; name = Result.framework; path = Carthage/Build/iOS/Result.framework; sourceTree = "<group>"; };
		659984D51CB16B8B0048A7B0 /* PhotosViewModel.swift */ = {isa = PBXFileReference; fileEncoding = 4; lastKnownFileType = sourcecode.swift; name = PhotosViewModel.swift; path = ViewModel/PhotosViewModel.swift; sourceTree = "<group>"; };
		659984D81CB175720048A7B0 /* PhotosFlowLayout.swift */ = {isa = PBXFileReference; fileEncoding = 4; lastKnownFileType = sourcecode.swift; name = PhotosFlowLayout.swift; path = Views/Layout/PhotosFlowLayout.swift; sourceTree = "<group>"; };
		659984DA1CB1B5570048A7B0 /* ThumbnailViewModel.swift */ = {isa = PBXFileReference; fileEncoding = 4; lastKnownFileType = sourcecode.swift; name = ThumbnailViewModel.swift; path = ViewModel/ThumbnailViewModel.swift; sourceTree = "<group>"; };
		65E87E8A1CAB17F2006AEDDF /* LiveGif.app */ = {isa = PBXFileReference; explicitFileType = wrapper.application; includeInIndex = 0; path = LiveGif.app; sourceTree = BUILT_PRODUCTS_DIR; };
		65E87E8D1CAB17F3006AEDDF /* AppDelegate.swift */ = {isa = PBXFileReference; lastKnownFileType = sourcecode.swift; path = AppDelegate.swift; sourceTree = "<group>"; };
		65E87E921CAB17F3006AEDDF /* Base */ = {isa = PBXFileReference; lastKnownFileType = file.storyboard; name = Base; path = Base.lproj/Main.storyboard; sourceTree = "<group>"; };
		65E87E941CAB17F3006AEDDF /* Assets.xcassets */ = {isa = PBXFileReference; lastKnownFileType = folder.assetcatalog; path = Assets.xcassets; sourceTree = "<group>"; };
		65E87E971CAB17F3006AEDDF /* Base */ = {isa = PBXFileReference; lastKnownFileType = file.storyboard; name = Base; path = Base.lproj/LaunchScreen.storyboard; sourceTree = "<group>"; };
		65E87E991CAB17F3006AEDDF /* Info.plist */ = {isa = PBXFileReference; lastKnownFileType = text.plist.xml; path = Info.plist; sourceTree = "<group>"; };
		65E87E9E1CAB17F3006AEDDF /* LiveGifTests.xctest */ = {isa = PBXFileReference; explicitFileType = wrapper.cfbundle; includeInIndex = 0; path = LiveGifTests.xctest; sourceTree = BUILT_PRODUCTS_DIR; };
		65E87EA21CAB17F3006AEDDF /* LiveGifTests.swift */ = {isa = PBXFileReference; lastKnownFileType = sourcecode.swift; path = LiveGifTests.swift; sourceTree = "<group>"; };
		65E87EA41CAB17F3006AEDDF /* Info.plist */ = {isa = PBXFileReference; lastKnownFileType = text.plist.xml; path = Info.plist; sourceTree = "<group>"; };
		65E87EA91CAB17F3006AEDDF /* LiveGifUITests.xctest */ = {isa = PBXFileReference; explicitFileType = wrapper.cfbundle; includeInIndex = 0; path = LiveGifUITests.xctest; sourceTree = BUILT_PRODUCTS_DIR; };
		65E87EAD1CAB17F3006AEDDF /* LiveGifUITests.swift */ = {isa = PBXFileReference; lastKnownFileType = sourcecode.swift; path = LiveGifUITests.swift; sourceTree = "<group>"; };
		65E87EAF1CAB17F3006AEDDF /* Info.plist */ = {isa = PBXFileReference; lastKnownFileType = text.plist.xml; path = Info.plist; sourceTree = "<group>"; };
/* End PBXFileReference section */

/* Begin PBXFrameworksBuildPhase section */
		65E87E871CAB17F2006AEDDF /* Frameworks */ = {
			isa = PBXFrameworksBuildPhase;
			buildActionMask = 2147483647;
			files = (
				659984CB1CB165150048A7B0 /* ReactiveCocoa.framework in Frameworks */,
				659984CC1CB165150048A7B0 /* Result.framework in Frameworks */,
			);
			runOnlyForDeploymentPostprocessing = 0;
		};
		65E87E9B1CAB17F3006AEDDF /* Frameworks */ = {
			isa = PBXFrameworksBuildPhase;
			buildActionMask = 2147483647;
			files = (
			);
			runOnlyForDeploymentPostprocessing = 0;
		};
		65E87EA61CAB17F3006AEDDF /* Frameworks */ = {
			isa = PBXFrameworksBuildPhase;
			buildActionMask = 2147483647;
			files = (
			);
			runOnlyForDeploymentPostprocessing = 0;
		};
/* End PBXFrameworksBuildPhase section */

/* Begin PBXGroup section */
		6556A42A1CB00231009DB32B /* Resources */ = {
			isa = PBXGroup;
			children = (
				65E87E941CAB17F3006AEDDF /* Assets.xcassets */,
			);
			name = Resources;
			sourceTree = "<group>";
		};
		6556A42B1CB0028D009DB32B /* Main */ = {
			isa = PBXGroup;
			children = (
				65E87E8D1CAB17F3006AEDDF /* AppDelegate.swift */,
			);
			name = Main;
			sourceTree = "<group>";
		};
		6556A42C1CB00295009DB32B /* SupportingFiles */ = {
			isa = PBXGroup;
			children = (
				65E87E991CAB17F3006AEDDF /* Info.plist */,
			);
			name = SupportingFiles;
			sourceTree = "<group>";
		};
		6556A42D1CB002A0009DB32B /* Controllers */ = {
			isa = PBXGroup;
			children = (
				6556A42E1CB00352009DB32B /* LivePhotoCollectionViewController.swift */,
			);
			name = Controllers;
			sourceTree = "<group>";
		};
		6556A4301CB005CF009DB32B /* View */ = {
			isa = PBXGroup;
			children = (
				659984D71CB175470048A7B0 /* Layout */,
				6556A4311CB005ED009DB32B /* ThumbnailCell.swift */,
			);
			name = View;
			sourceTree = "<group>";
		};
		657B29FF1CB0013200B7648D /* Storyboards */ = {
			isa = PBXGroup;
			children = (
				65E87E911CAB17F3006AEDDF /* Main.storyboard */,
				65E87E961CAB17F3006AEDDF /* LaunchScreen.storyboard */,
			);
			name = Storyboards;
			sourceTree = "<group>";
		};
		659984CE1CB165920048A7B0 /* Frameworks */ = {
			isa = PBXGroup;
			children = (
				659984C91CB165150048A7B0 /* ReactiveCocoa.framework */,
				659984CA1CB165150048A7B0 /* Result.framework */,
			);
			name = Frameworks;
			path = ..;
			sourceTree = "<group>";
		};
		659984CF1CB165AB0048A7B0 /* ViewModel */ = {
			isa = PBXGroup;
			children = (
				659984D51CB16B8B0048A7B0 /* PhotosViewModel.swift */,
				659984DA1CB1B5570048A7B0 /* ThumbnailViewModel.swift */,
			);
			name = ViewModel;
			sourceTree = "<group>";
		};
		659984D71CB175470048A7B0 /* Layout */ = {
			isa = PBXGroup;
			children = (
				659984D81CB175720048A7B0 /* PhotosFlowLayout.swift */,
			);
			name = Layout;
			sourceTree = "<group>";
		};
		65E87E811CAB17F2006AEDDF = {
			isa = PBXGroup;
			children = (
				65E87E8C1CAB17F3006AEDDF /* LiveGif */,
				65E87EA11CAB17F3006AEDDF /* LiveGifTests */,
				65E87EAC1CAB17F3006AEDDF /* LiveGifUITests */,
				65E87E8B1CAB17F2006AEDDF /* Products */,
			);
			sourceTree = "<group>";
		};
		65E87E8B1CAB17F2006AEDDF /* Products */ = {
			isa = PBXGroup;
			children = (
				65E87E8A1CAB17F2006AEDDF /* LiveGif.app */,
				65E87E9E1CAB17F3006AEDDF /* LiveGifTests.xctest */,
				65E87EA91CAB17F3006AEDDF /* LiveGifUITests.xctest */,
			);
			name = Products;
			sourceTree = "<group>";
		};
		65E87E8C1CAB17F3006AEDDF /* LiveGif */ = {
			isa = PBXGroup;
			children = (
				659984CF1CB165AB0048A7B0 /* ViewModel */,
				6556A4301CB005CF009DB32B /* View */,
				6556A42B1CB0028D009DB32B /* Main */,
				6556A42D1CB002A0009DB32B /* Controllers */,
				657B29FF1CB0013200B7648D /* Storyboards */,
				6556A42A1CB00231009DB32B /* Resources */,
				659984CE1CB165920048A7B0 /* Frameworks */,
				6556A42C1CB00295009DB32B /* SupportingFiles */,
			);
			path = LiveGif;
			sourceTree = "<group>";
		};
		65E87EA11CAB17F3006AEDDF /* LiveGifTests */ = {
			isa = PBXGroup;
			children = (
				65E87EA21CAB17F3006AEDDF /* LiveGifTests.swift */,
				65E87EA41CAB17F3006AEDDF /* Info.plist */,
			);
			path = LiveGifTests;
			sourceTree = "<group>";
		};
		65E87EAC1CAB17F3006AEDDF /* LiveGifUITests */ = {
			isa = PBXGroup;
			children = (
				65E87EAD1CAB17F3006AEDDF /* LiveGifUITests.swift */,
				65E87EAF1CAB17F3006AEDDF /* Info.plist */,
			);
			path = LiveGifUITests;
			sourceTree = "<group>";
		};
/* End PBXGroup section */

/* Begin PBXNativeTarget section */
		65E87E891CAB17F2006AEDDF /* LiveGif */ = {
			isa = PBXNativeTarget;
			buildConfigurationList = 65E87EB21CAB17F3006AEDDF /* Build configuration list for PBXNativeTarget "LiveGif" */;
			buildPhases = (
				65E87E861CAB17F2006AEDDF /* Sources */,
				65E87E871CAB17F2006AEDDF /* Frameworks */,
				65E87E881CAB17F2006AEDDF /* Resources */,
				659984CD1CB165290048A7B0 /* ShellScript */,
			);
			buildRules = (
			);
			dependencies = (
			);
			name = LiveGif;
			productName = LiveGif;
			productReference = 65E87E8A1CAB17F2006AEDDF /* LiveGif.app */;
			productType = "com.apple.product-type.application";
		};
		65E87E9D1CAB17F3006AEDDF /* LiveGifTests */ = {
			isa = PBXNativeTarget;
			buildConfigurationList = 65E87EB51CAB17F3006AEDDF /* Build configuration list for PBXNativeTarget "LiveGifTests" */;
			buildPhases = (
				65E87E9A1CAB17F3006AEDDF /* Sources */,
				65E87E9B1CAB17F3006AEDDF /* Frameworks */,
				65E87E9C1CAB17F3006AEDDF /* Resources */,
			);
			buildRules = (
			);
			dependencies = (
				65E87EA01CAB17F3006AEDDF /* PBXTargetDependency */,
			);
			name = LiveGifTests;
			productName = LiveGifTests;
			productReference = 65E87E9E1CAB17F3006AEDDF /* LiveGifTests.xctest */;
			productType = "com.apple.product-type.bundle.unit-test";
		};
		65E87EA81CAB17F3006AEDDF /* LiveGifUITests */ = {
			isa = PBXNativeTarget;
			buildConfigurationList = 65E87EB81CAB17F3006AEDDF /* Build configuration list for PBXNativeTarget "LiveGifUITests" */;
			buildPhases = (
				65E87EA51CAB17F3006AEDDF /* Sources */,
				65E87EA61CAB17F3006AEDDF /* Frameworks */,
				65E87EA71CAB17F3006AEDDF /* Resources */,
			);
			buildRules = (
			);
			dependencies = (
				65E87EAB1CAB17F3006AEDDF /* PBXTargetDependency */,
			);
			name = LiveGifUITests;
			productName = LiveGifUITests;
			productReference = 65E87EA91CAB17F3006AEDDF /* LiveGifUITests.xctest */;
			productType = "com.apple.product-type.bundle.ui-testing";
		};
/* End PBXNativeTarget section */

/* Begin PBXProject section */
		65E87E821CAB17F2006AEDDF /* Project object */ = {
			isa = PBXProject;
			attributes = {
				LastSwiftUpdateCheck = 0730;
				LastUpgradeCheck = 0730;
				ORGANIZATIONNAME = "Pete Smith";
				TargetAttributes = {
					65E87E891CAB17F2006AEDDF = {
						CreatedOnToolsVersion = 7.3;
						DevelopmentTeam = 49CJ89TL4W;
					};
					65E87E9D1CAB17F3006AEDDF = {
						CreatedOnToolsVersion = 7.3;
						TestTargetID = 65E87E891CAB17F2006AEDDF;
					};
					65E87EA81CAB17F3006AEDDF = {
						CreatedOnToolsVersion = 7.3;
						TestTargetID = 65E87E891CAB17F2006AEDDF;
					};
				};
			};
			buildConfigurationList = 65E87E851CAB17F2006AEDDF /* Build configuration list for PBXProject "LiveGif" */;
			compatibilityVersion = "Xcode 3.2";
			developmentRegion = English;
			hasScannedForEncodings = 0;
			knownRegions = (
				en,
				Base,
			);
			mainGroup = 65E87E811CAB17F2006AEDDF;
			productRefGroup = 65E87E8B1CAB17F2006AEDDF /* Products */;
			projectDirPath = "";
			projectRoot = "";
			targets = (
				65E87E891CAB17F2006AEDDF /* LiveGif */,
				65E87E9D1CAB17F3006AEDDF /* LiveGifTests */,
				65E87EA81CAB17F3006AEDDF /* LiveGifUITests */,
			);
		};
/* End PBXProject section */

/* Begin PBXResourcesBuildPhase section */
		65E87E881CAB17F2006AEDDF /* Resources */ = {
			isa = PBXResourcesBuildPhase;
			buildActionMask = 2147483647;
			files = (
				65E87E981CAB17F3006AEDDF /* LaunchScreen.storyboard in Resources */,
				65E87E951CAB17F3006AEDDF /* Assets.xcassets in Resources */,
				65E87E931CAB17F3006AEDDF /* Main.storyboard in Resources */,
			);
			runOnlyForDeploymentPostprocessing = 0;
		};
		65E87E9C1CAB17F3006AEDDF /* Resources */ = {
			isa = PBXResourcesBuildPhase;
			buildActionMask = 2147483647;
			files = (
			);
			runOnlyForDeploymentPostprocessing = 0;
		};
		65E87EA71CAB17F3006AEDDF /* Resources */ = {
			isa = PBXResourcesBuildPhase;
			buildActionMask = 2147483647;
			files = (
			);
			runOnlyForDeploymentPostprocessing = 0;
		};
/* End PBXResourcesBuildPhase section */

/* Begin PBXShellScriptBuildPhase section */
		659984CD1CB165290048A7B0 /* ShellScript */ = {
			isa = PBXShellScriptBuildPhase;
			buildActionMask = 2147483647;
			files = (
			);
			inputPaths = (
				"$(SRCROOT)/Carthage/Build/iOS/Result.framework",
				"$(SRCROOT)/Carthage/Build/iOS/ReactiveCocoa.framework",
			);
			outputPaths = (
			);
			runOnlyForDeploymentPostprocessing = 0;
			shellPath = /bin/sh;
			shellScript = "/usr/local/bin/carthage copy-frameworks";
		};
/* End PBXShellScriptBuildPhase section */

/* Begin PBXSourcesBuildPhase section */
		65E87E861CAB17F2006AEDDF /* Sources */ = {
			isa = PBXSourcesBuildPhase;
			buildActionMask = 2147483647;
			files = (
				659984D91CB175720048A7B0 /* PhotosFlowLayout.swift in Sources */,
				659984DB1CB1B5570048A7B0 /* ThumbnailViewModel.swift in Sources */,
				65E87E8E1CAB17F3006AEDDF /* AppDelegate.swift in Sources */,
				6556A4321CB005ED009DB32B /* ThumbnailCell.swift in Sources */,
				6556A42F1CB00352009DB32B /* LivePhotoCollectionViewController.swift in Sources */,
				659984D61CB16B8B0048A7B0 /* PhotosViewModel.swift in Sources */,
			);
			runOnlyForDeploymentPostprocessing = 0;
		};
		65E87E9A1CAB17F3006AEDDF /* Sources */ = {
			isa = PBXSourcesBuildPhase;
			buildActionMask = 2147483647;
			files = (
				65E87EA31CAB17F3006AEDDF /* LiveGifTests.swift in Sources */,
			);
			runOnlyForDeploymentPostprocessing = 0;
		};
		65E87EA51CAB17F3006AEDDF /* Sources */ = {
			isa = PBXSourcesBuildPhase;
			buildActionMask = 2147483647;
			files = (
				65E87EAE1CAB17F3006AEDDF /* LiveGifUITests.swift in Sources */,
			);
			runOnlyForDeploymentPostprocessing = 0;
		};
/* End PBXSourcesBuildPhase section */

/* Begin PBXTargetDependency section */
		65E87EA01CAB17F3006AEDDF /* PBXTargetDependency */ = {
			isa = PBXTargetDependency;
			target = 65E87E891CAB17F2006AEDDF /* LiveGif */;
			targetProxy = 65E87E9F1CAB17F3006AEDDF /* PBXContainerItemProxy */;
		};
		65E87EAB1CAB17F3006AEDDF /* PBXTargetDependency */ = {
			isa = PBXTargetDependency;
			target = 65E87E891CAB17F2006AEDDF /* LiveGif */;
			targetProxy = 65E87EAA1CAB17F3006AEDDF /* PBXContainerItemProxy */;
		};
/* End PBXTargetDependency section */

/* Begin PBXVariantGroup section */
		65E87E911CAB17F3006AEDDF /* Main.storyboard */ = {
			isa = PBXVariantGroup;
			children = (
				65E87E921CAB17F3006AEDDF /* Base */,
			);
			name = Main.storyboard;
			sourceTree = "<group>";
		};
		65E87E961CAB17F3006AEDDF /* LaunchScreen.storyboard */ = {
			isa = PBXVariantGroup;
			children = (
				65E87E971CAB17F3006AEDDF /* Base */,
			);
			name = LaunchScreen.storyboard;
			sourceTree = "<group>";
		};
/* End PBXVariantGroup section */

/* Begin XCBuildConfiguration section */
		65E87EB01CAB17F3006AEDDF /* Debug */ = {
			isa = XCBuildConfiguration;
			buildSettings = {
				ALWAYS_SEARCH_USER_PATHS = NO;
				CLANG_ANALYZER_NONNULL = YES;
				CLANG_CXX_LANGUAGE_STANDARD = "gnu++0x";
				CLANG_CXX_LIBRARY = "libc++";
				CLANG_ENABLE_MODULES = YES;
				CLANG_ENABLE_OBJC_ARC = YES;
				CLANG_WARN_BOOL_CONVERSION = YES;
				CLANG_WARN_CONSTANT_CONVERSION = YES;
				CLANG_WARN_DIRECT_OBJC_ISA_USAGE = YES_ERROR;
				CLANG_WARN_EMPTY_BODY = YES;
				CLANG_WARN_ENUM_CONVERSION = YES;
				CLANG_WARN_INT_CONVERSION = YES;
				CLANG_WARN_OBJC_ROOT_CLASS = YES_ERROR;
				CLANG_WARN_UNREACHABLE_CODE = YES;
				CLANG_WARN__DUPLICATE_METHOD_MATCH = YES;
				"CODE_SIGN_IDENTITY[sdk=iphoneos*]" = "iPhone Developer";
				COPY_PHASE_STRIP = NO;
				DEBUG_INFORMATION_FORMAT = dwarf;
				ENABLE_STRICT_OBJC_MSGSEND = YES;
				ENABLE_TESTABILITY = YES;
				GCC_C_LANGUAGE_STANDARD = gnu99;
				GCC_DYNAMIC_NO_PIC = NO;
				GCC_NO_COMMON_BLOCKS = YES;
				GCC_OPTIMIZATION_LEVEL = 0;
				GCC_PREPROCESSOR_DEFINITIONS = (
					"DEBUG=1",
					"$(inherited)",
				);
				GCC_WARN_64_TO_32_BIT_CONVERSION = YES;
				GCC_WARN_ABOUT_RETURN_TYPE = YES_ERROR;
				GCC_WARN_UNDECLARED_SELECTOR = YES;
				GCC_WARN_UNINITIALIZED_AUTOS = YES_AGGRESSIVE;
				GCC_WARN_UNUSED_FUNCTION = YES;
				GCC_WARN_UNUSED_VARIABLE = YES;
				IPHONEOS_DEPLOYMENT_TARGET = 9.3;
				MTL_ENABLE_DEBUG_INFO = YES;
				ONLY_ACTIVE_ARCH = YES;
				SDKROOT = iphoneos;
				SWIFT_OPTIMIZATION_LEVEL = "-Onone";
			};
			name = Debug;
		};
		65E87EB11CAB17F3006AEDDF /* Release */ = {
			isa = XCBuildConfiguration;
			buildSettings = {
				ALWAYS_SEARCH_USER_PATHS = NO;
				CLANG_ANALYZER_NONNULL = YES;
				CLANG_CXX_LANGUAGE_STANDARD = "gnu++0x";
				CLANG_CXX_LIBRARY = "libc++";
				CLANG_ENABLE_MODULES = YES;
				CLANG_ENABLE_OBJC_ARC = YES;
				CLANG_WARN_BOOL_CONVERSION = YES;
				CLANG_WARN_CONSTANT_CONVERSION = YES;
				CLANG_WARN_DIRECT_OBJC_ISA_USAGE = YES_ERROR;
				CLANG_WARN_EMPTY_BODY = YES;
				CLANG_WARN_ENUM_CONVERSION = YES;
				CLANG_WARN_INT_CONVERSION = YES;
				CLANG_WARN_OBJC_ROOT_CLASS = YES_ERROR;
				CLANG_WARN_UNREACHABLE_CODE = YES;
				CLANG_WARN__DUPLICATE_METHOD_MATCH = YES;
				"CODE_SIGN_IDENTITY[sdk=iphoneos*]" = "iPhone Developer";
				COPY_PHASE_STRIP = NO;
				DEBUG_INFORMATION_FORMAT = "dwarf-with-dsym";
				ENABLE_NS_ASSERTIONS = NO;
				ENABLE_STRICT_OBJC_MSGSEND = YES;
				GCC_C_LANGUAGE_STANDARD = gnu99;
				GCC_NO_COMMON_BLOCKS = YES;
				GCC_WARN_64_TO_32_BIT_CONVERSION = YES;
				GCC_WARN_ABOUT_RETURN_TYPE = YES_ERROR;
				GCC_WARN_UNDECLARED_SELECTOR = YES;
				GCC_WARN_UNINITIALIZED_AUTOS = YES_AGGRESSIVE;
				GCC_WARN_UNUSED_FUNCTION = YES;
				GCC_WARN_UNUSED_VARIABLE = YES;
				IPHONEOS_DEPLOYMENT_TARGET = 9.3;
				MTL_ENABLE_DEBUG_INFO = NO;
				SDKROOT = iphoneos;
				VALIDATE_PRODUCT = YES;
			};
			name = Release;
		};
		65E87EB31CAB17F3006AEDDF /* Debug */ = {
			isa = XCBuildConfiguration;
			buildSettings = {
				ASSETCATALOG_COMPILER_APPICON_NAME = AppIcon;
				CODE_SIGN_IDENTITY = "iPhone Developer";
				FRAMEWORK_SEARCH_PATHS = (
					"$(inherited)",
					"$(PROJECT_DIR)/Carthage/Build/iOS",
				);
				INFOPLIST_FILE = LiveGif/Info.plist;
				IPHONEOS_DEPLOYMENT_TARGET = 9.1;
				LD_RUNPATH_SEARCH_PATHS = "$(inherited) @executable_path/Frameworks";
				PRODUCT_BUNDLE_IDENTIFIER = com.petesmith.LiveGif;
				PRODUCT_NAME = "$(TARGET_NAME)";
			};
			name = Debug;
		};
		65E87EB41CAB17F3006AEDDF /* Release */ = {
			isa = XCBuildConfiguration;
			buildSettings = {
				ASSETCATALOG_COMPILER_APPICON_NAME = AppIcon;
				CODE_SIGN_IDENTITY = "iPhone Developer";
				FRAMEWORK_SEARCH_PATHS = (
					"$(inherited)",
					"$(PROJECT_DIR)/Carthage/Build/iOS",
				);
				INFOPLIST_FILE = LiveGif/Info.plist;
				IPHONEOS_DEPLOYMENT_TARGET = 9.1;
				LD_RUNPATH_SEARCH_PATHS = "$(inherited) @executable_path/Frameworks";
				PRODUCT_BUNDLE_IDENTIFIER = com.petesmith.LiveGif;
				PRODUCT_NAME = "$(TARGET_NAME)";
			};
			name = Release;
		};
		65E87EB61CAB17F3006AEDDF /* Debug */ = {
			isa = XCBuildConfiguration;
			buildSettings = {
				BUNDLE_LOADER = "$(TEST_HOST)";
				INFOPLIST_FILE = LiveGifTests/Info.plist;
				LD_RUNPATH_SEARCH_PATHS = "$(inherited) @executable_path/Frameworks @loader_path/Frameworks";
				PRODUCT_BUNDLE_IDENTIFIER = com.petesmith.LiveGifTests;
				PRODUCT_NAME = "$(TARGET_NAME)";
				TEST_HOST = "$(BUILT_PRODUCTS_DIR)/LiveGif.app/LiveGif";
			};
			name = Debug;
		};
		65E87EB71CAB17F3006AEDDF /* Release */ = {
			isa = XCBuildConfiguration;
			buildSettings = {
				BUNDLE_LOADER = "$(TEST_HOST)";
				INFOPLIST_FILE = LiveGifTests/Info.plist;
				LD_RUNPATH_SEARCH_PATHS = "$(inherited) @executable_path/Frameworks @loader_path/Frameworks";
				PRODUCT_BUNDLE_IDENTIFIER = com.petesmith.LiveGifTests;
				PRODUCT_NAME = "$(TARGET_NAME)";
				TEST_HOST = "$(BUILT_PRODUCTS_DIR)/LiveGif.app/LiveGif";
			};
			name = Release;
		};
		65E87EB91CAB17F3006AEDDF /* Debug */ = {
			isa = XCBuildConfiguration;
			buildSettings = {
				INFOPLIST_FILE = LiveGifUITests/Info.plist;
				LD_RUNPATH_SEARCH_PATHS = "$(inherited) @executable_path/Frameworks @loader_path/Frameworks";
				PRODUCT_BUNDLE_IDENTIFIER = com.petesmith.LiveGifUITests;
				PRODUCT_NAME = "$(TARGET_NAME)";
				TEST_TARGET_NAME = LiveGif;
			};
			name = Debug;
		};
		65E87EBA1CAB17F3006AEDDF /* Release */ = {
			isa = XCBuildConfiguration;
			buildSettings = {
				INFOPLIST_FILE = LiveGifUITests/Info.plist;
				LD_RUNPATH_SEARCH_PATHS = "$(inherited) @executable_path/Frameworks @loader_path/Frameworks";
				PRODUCT_BUNDLE_IDENTIFIER = com.petesmith.LiveGifUITests;
				PRODUCT_NAME = "$(TARGET_NAME)";
				TEST_TARGET_NAME = LiveGif;
			};
			name = Release;
		};
/* End XCBuildConfiguration section */

/* Begin XCConfigurationList section */
		65E87E851CAB17F2006AEDDF /* Build configuration list for PBXProject "LiveGif" */ = {
			isa = XCConfigurationList;
			buildConfigurations = (
				65E87EB01CAB17F3006AEDDF /* Debug */,
				65E87EB11CAB17F3006AEDDF /* Release */,
			);
			defaultConfigurationIsVisible = 0;
			defaultConfigurationName = Release;
		};
		65E87EB21CAB17F3006AEDDF /* Build configuration list for PBXNativeTarget "LiveGif" */ = {
			isa = XCConfigurationList;
			buildConfigurations = (
				65E87EB31CAB17F3006AEDDF /* Debug */,
				65E87EB41CAB17F3006AEDDF /* Release */,
			);
			defaultConfigurationIsVisible = 0;
			defaultConfigurationName = Release;
		};
		65E87EB51CAB17F3006AEDDF /* Build configuration list for PBXNativeTarget "LiveGifTests" */ = {
			isa = XCConfigurationList;
			buildConfigurations = (
				65E87EB61CAB17F3006AEDDF /* Debug */,
				65E87EB71CAB17F3006AEDDF /* Release */,
			);
			defaultConfigurationIsVisible = 0;
			defaultConfigurationName = Release;
		};
		65E87EB81CAB17F3006AEDDF /* Build configuration list for PBXNativeTarget "LiveGifUITests" */ = {
			isa = XCConfigurationList;
			buildConfigurations = (
				65E87EB91CAB17F3006AEDDF /* Debug */,
				65E87EBA1CAB17F3006AEDDF /* Release */,
			);
			defaultConfigurationIsVisible = 0;
			defaultConfigurationName = Release;
		};
/* End XCConfigurationList section */
	};
	rootObject = 65E87E821CAB17F2006AEDDF /* Project object */;
}
